{
  "object": {
    "pins": [
      {
        "package": "Cairo",
        "repositoryURL": "https://github.com/PureSwift/Cairo.git",
        "state": {
          "branch": "master",
          "revision": "b5f867a56a20d2f0064ccb975ae4a669b374e9e0",
          "version": null
        }
      }
    ]
  },
  "version": 1
}
